
Microsoft Visual Studio Solution File, Format Version 12.00
# Visual Studio Version 16
VisualStudioVersion = 16.0.29806.167
MinimumVisualStudioVersion = 10.0.40219.1
Project("{FAE04EC0-301F-11D3-BF4B-00C04F79EFBC}") = "APP_QUAN_LY_CAFE", "APP_QUAN_LY_CAFE\APP_QUAN_LY_CAFE.csproj", "{54FF29D9-595F-4491-8641-B209BFD8B154}"
EndProject
Global
	GlobalSection(SolutionConfigurationPlatforms) = preSolution
		Debug|Any CPU = Debug|Any CPU
		Release|Any CPU = Release|Any CPU
	EndGlobalSection
	GlobalSection(ProjectConfigurationPlatforms) = postSolution
		{54FF29D9-595F-4491-8641-B209BFD8B154}.Debug|Any CPU.ActiveCfg = Debug|Any CPU
		{54FF29D9-595F-4491-8641-B209BFD8B154}.Debug|Any CPU.Build.0 = Debug|Any CPU
		{54FF29D9-595F-4491-8641-B209BFD8B154}.Release|Any CPU.ActiveCfg = Release|Any CPU
		{54FF29D9-595F-4491-8641-B209BFD8B154}.Release|Any CPU.Build.0 = Release|Any CPU
	EndGlobalSection
	GlobalSection(SolutionProperties) = preSolution
		HideSolutionNode = FALSE
	EndGlobalSection
	GlobalSection(ExtensibilityGlobals) = postSolution
		SolutionGuid = {4ECD0482-CDC6-469E-BCD6-F030803C85D0}
	EndGlobalSection
EndGlobal
